
Microsoft Visual Studio Solution File, Format Version 12.00
# Visual Studio Version 16
VisualStudioVersion = 16.0.29306.81
MinimumVisualStudioVersion = 10.0.40219.1
Project("{FAE04EC0-301F-11D3-BF4B-00C04F79EFBC}") = "Esperanza.Android", "Esperanza\Esperanza.Android\Esperanza.Android.csproj", "{3662CD38-34FE-4A7D-88AC-4EE6E64D6553}"
EndProject
Project("{FAE04EC0-301F-11D3-BF4B-00C04F79EFBC}") = "Esperanza.iOS", "Esperanza\Esperanza.iOS\Esperanza.iOS.csproj", "{A96D8E1B-D3F2-4AA3-8377-AFB54032CC80}"
EndProject
Project("{9A19103F-16F7-4668-BE54-9A1E7A4F7556}") = "Esperanza", "Esperanza\Esperanza\Esperanza.csproj", "{538F7A25-27DB-4CD5-AF0C-9AAF66F339B4}"
EndProject
Global
	GlobalSection(SolutionConfigurationPlatforms) = preSolution
		Ad-Hoc|Any CPU = Ad-Hoc|Any CPU
		Ad-Hoc|iPhone = Ad-Hoc|iPhone
		Ad-Hoc|iPhoneSimulator = Ad-Hoc|iPhoneSimulator
		AppStore|Any CPU = AppStore|Any CPU
		AppStore|iPhone = AppStore|iPhone
		AppStore|iPhoneSimulator = AppStore|iPhoneSimulator
		Debug|Any CPU = Debug|Any CPU
		Debug|iPhone = Debug|iPhone
		Debug|iPhoneSimulator = Debug|iPhoneSimulator
		Release|Any CPU = Release|Any CPU
		Release|iPhone = Release|iPhone
		Release|iPhoneSimulator = Release|iPhoneSimulator
	EndGlobalSection
	GlobalSection(ProjectConfigurationPlatforms) = postSolution
		{3662CD38-34FE-4A7D-88AC-4EE6E64D6553}.Ad-Hoc|Any CPU.ActiveCfg = Release|Any CPU
		{3662CD38-34FE-4A7D-88AC-4EE6E64D6553}.Ad-Hoc|Any CPU.Build.0 = Release|Any CPU
		{3662CD38-34FE-4A7D-88AC-4EE6E64D6553}.Ad-Hoc|Any CPU.Deploy.0 = Release|Any CPU
		{3662CD38-34FE-4A7D-88AC-4EE6E64D6553}.Ad-Hoc|iPhone.ActiveCfg = Release|Any CPU
		{3662CD38-34FE-4A7D-88AC-4EE6E64D6553}.Ad-Hoc|iPhone.Build.0 = Release|Any CPU
		{3662CD38-34FE-4A7D-88AC-4EE6E64D6553}.Ad-Hoc|iPhone.Deploy.0 = Release|Any CPU
		{3662CD38-34FE-4A7D-88AC-4EE6E64D6553}.Ad-Hoc|iPhoneSimulator.ActiveCfg = Release|Any CPU
		{3662CD38-34FE-4A7D-88AC-4EE6E64D6553}.Ad-Hoc|iPhoneSimulator.Build.0 = Release|Any CPU
		{3662CD38-34FE-4A7D-88AC-4EE6E64D6553}.Ad-Hoc|iPhoneSimulator.Deploy.0 = Release|Any CPU
		{3662CD38-34FE-4A7D-88AC-4EE6E64D6553}.AppStore|Any CPU.ActiveCfg = Release|Any CPU
		{3662CD38-34FE-4A7D-88AC-4EE6E64D6553}.AppStore|Any CPU.Build.0 = Release|Any CPU
		{3662CD38-34FE-4A7D-88AC-4EE6E64D6553}.AppStore|Any CPU.Deploy.0 = Release|Any CPU
		{3662CD38-34FE-4A7D-88AC-4EE6E64D6553}.AppStore|iPhone.ActiveCfg = Release|Any CPU
		{3662CD38-34FE-4A7D-88AC-4EE6E64D6553}.AppStore|iPhone.Build.0 = Release|Any CPU
		{3662CD38-34FE-4A7D-88AC-4EE6E64D6553}.AppStore|iPhone.Deploy.0 = Release|Any CPU
		{3662CD38-34FE-4A7D-88AC-4EE6E64D6553}.AppStore|iPhoneSimulator.ActiveCfg = Release|Any CPU
		{3662CD38-34FE-4A7D-88AC-4EE6E64D6553}.AppStore|iPhoneSimulator.Build.0 = Release|Any CPU
		{3662CD38-34FE-4A7D-88AC-4EE6E64D6553}.AppStore|iPhoneSimulator.Deploy.0 = Release|Any CPU
		{3662CD38-34FE-4A7D-88AC-4EE6E64D6553}.Debug|Any CPU.ActiveCfg = Debug|Any CPU
		{3662CD38-34FE-4A7D-88AC-4EE6E64D6553}.Debug|Any CPU.Build.0 = Debug|Any CPU
		{3662CD38-34FE-4A7D-88AC-4EE6E64D6553}.Debug|Any CPU.Deploy.0 = Debug|Any CPU
		{3662CD38-34FE-4A7D-88AC-4EE6E64D6553}.Debug|iPhone.ActiveCfg = Debug|Any CPU
		{3662CD38-34FE-4A7D-88AC-4EE6E64D6553}.Debug|iPhone.Build.0 = Debug|Any CPU
		{3662CD38-34FE-4A7D-88AC-4EE6E64D6553}.Debug|iPhone.Deploy.0 = Debug|Any CPU
		{3662CD38-34FE-4A7D-88AC-4EE6E64D6553}.Debug|iPhoneSimulator.ActiveCfg = Debug|Any CPU
		{3662CD38-34FE-4A7D-88AC-4EE6E64D6553}.Debug|iPhoneSimulator.Build.0 = Debug|Any CPU
		{3662CD38-34FE-4A7D-88AC-4EE6E64D6553}.Debug|iPhoneSimulator.Deploy.0 = Debug|Any CPU
		{3662CD38-34FE-4A7D-88AC-4EE6E64D6553}.Release|Any CPU.ActiveCfg = Release|Any CPU
		{3662CD38-34FE-4A7D-88AC-4EE6E64D6553}.Release|Any CPU.Build.0 = Release|Any CPU
		{3662CD38-34FE-4A7D-88AC-4EE6E64D6553}.Release|Any CPU.Deploy.0 = Release|Any CPU
		{3662CD38-34FE-4A7D-88AC-4EE6E64D6553}.Release|iPhone.ActiveCfg = Release|Any CPU
		{3662CD38-34FE-4A7D-88AC-4EE6E64D6553}.Release|iPhone.Build.0 = Release|Any CPU
		{3662CD38-34FE-4A7D-88AC-4EE6E64D6553}.Release|iPhone.Deploy.0 = Release|Any CPU
		{3662CD38-34FE-4A7D-88AC-4EE6E64D6553}.Release|iPhoneSimulator.ActiveCfg = Release|Any CPU
		{3662CD38-34FE-4A7D-88AC-4EE6E64D6553}.Release|iPhoneSimulator.Build.0 = Release|Any CPU
		{3662CD38-34FE-4A7D-88AC-4EE6E64D6553}.Release|iPhoneSimulator.Deploy.0 = Release|Any CPU
		{A96D8E1B-D3F2-4AA3-8377-AFB54032CC80}.Ad-Hoc|Any CPU.ActiveCfg = Ad-Hoc|iPhone
		{A96D8E1B-D3F2-4AA3-8377-AFB54032CC80}.Ad-Hoc|Any CPU.Build.0 = Ad-Hoc|iPhone
		{A96D8E1B-D3F2-4AA3-8377-AFB54032CC80}.Ad-Hoc|Any CPU.Deploy.0 = Ad-Hoc|iPhone
		{A96D8E1B-D3F2-4AA3-8377-AFB54032CC80}.Ad-Hoc|iPhone.ActiveCfg = Ad-Hoc|iPhone
		{A96D8E1B-D3F2-4AA3-8377-AFB54032CC80}.Ad-Hoc|iPhone.Build.0 = Ad-Hoc|iPhone
		{A96D8E1B-D3F2-4AA3-8377-AFB54032CC80}.Ad-Hoc|iPhone.Deploy.0 = Ad-Hoc|iPhone
		{A96D8E1B-D3F2-4AA3-8377-AFB54032CC80}.Ad-Hoc|iPhoneSimulator.ActiveCfg = Ad-Hoc|iPhoneSimulator
		{A96D8E1B-D3F2-4AA3-8377-AFB54032CC80}.Ad-Hoc|iPhoneSimulator.Build.0 = Ad-Hoc|iPhoneSimulator
		{A96D8E1B-D3F2-4AA3-8377-AFB54032CC80}.Ad-Hoc|iPhoneSimulator.Deploy.0 = Ad-Hoc|iPhoneSimulator
		{A96D8E1B-D3F2-4AA3-8377-AFB54032CC80}.AppStore|Any CPU.ActiveCfg = AppStore|iPhone
		{A96D8E1B-D3F2-4AA3-8377-AFB54032CC80}.AppStore|Any CPU.Build.0 = AppStore|iPhone
		{A96D8E1B-D3F2-4AA3-8377-AFB54032CC80}.AppStore|Any CPU.Deploy.0 = AppStore|iPhone
		{A96D8E1B-D3F2-4AA3-8377-AFB54032CC80}.AppStore|iPhone.ActiveCfg = AppStore|iPhone
		{A96D8E1B-D3F2-4AA3-8377-AFB54032CC80}.AppStore|iPhone.Build.0 = AppStore|iPhone
		{A96D8E1B-D3F2-4AA3-8377-AFB54032CC80}.AppStore|iPhone.Deploy.0 = AppStore|iPhone
		{A96D8E1B-D3F2-4AA3-8377-AFB54032CC80}.AppStore|iPhoneSimulator.ActiveCfg = AppStore|iPhoneSimulator
		{A96D8E1B-D3F2-4AA3-8377-AFB54032CC80}.AppStore|iPhoneSimulator.Build.0 = AppStore|iPhoneSimulator
		{A96D8E1B-D3F2-4AA3-8377-AFB54032CC80}.AppStore|iPhoneSimulator.Deploy.0 = AppStore|iPhoneSimulator
		{A96D8E1B-D3F2-4AA3-8377-AFB54032CC80}.Debug|Any CPU.ActiveCfg = Debug|iPhoneSimulator
		{A96D8E1B-D3F2-4AA3-8377-AFB54032CC80}.Debug|Any CPU.Deploy.0 = Debug|iPhoneSimulator
		{A96D8E1B-D3F2-4AA3-8377-AFB54032CC80}.Debug|iPhone.ActiveCfg = Debug|iPhone
		{A96D8E1B-D3F2-4AA3-8377-AFB54032CC80}.Debug|iPhone.Build.0 = Debug|iPhone
		{A96D8E1B-D3F2-4AA3-8377-AFB54032CC80}.Debug|iPhone.Deploy.0 = Debug|iPhone
		{A96D8E1B-D3F2-4AA3-8377-AFB54032CC80}.Debug|iPhoneSimulator.ActiveCfg = Debug|iPhoneSimulator
		{A96D8E1B-D3F2-4AA3-8377-AFB54032CC80}.Debug|iPhoneSimulator.Build.0 = Debug|iPhoneSimulator
		{A96D8E1B-D3F2-4AA3-8377-AFB54032CC80}.Debug|iPhoneSimulator.Deploy.0 = Debug|iPhoneSimulator
		{A96D8E1B-D3F2-4AA3-8377-AFB54032CC80}.Release|Any CPU.ActiveCfg = Release|iPhone
		{A96D8E1B-D3F2-4AA3-8377-AFB54032CC80}.Release|Any CPU.Build.0 = Release|iPhone
		{A96D8E1B-D3F2-4AA3-8377-AFB54032CC80}.Release|Any CPU.Deploy.0 = Release|iPhone
		{A96D8E1B-D3F2-4AA3-8377-AFB54032CC80}.Release|iPhone.ActiveCfg = Release|iPhone
		{A96D8E1B-D3F2-4AA3-8377-AFB54032CC80}.Release|iPhone.Build.0 = Release|iPhone
		{A96D8E1B-D3F2-4AA3-8377-AFB54032CC80}.Release|iPhone.Deploy.0 = Release|iPhone
		{A96D8E1B-D3F2-4AA3-8377-AFB54032CC80}.Release|iPhoneSimulator.ActiveCfg = Release|iPhoneSimulator
		{A96D8E1B-D3F2-4AA3-8377-AFB54032CC80}.Release|iPhoneSimulator.Build.0 = Release|iPhoneSimulator
		{A96D8E1B-D3F2-4AA3-8377-AFB54032CC80}.Release|iPhoneSimulator.Deploy.0 = Release|iPhoneSimulator
		{538F7A25-27DB-4CD5-AF0C-9AAF66F339B4}.Ad-Hoc|Any CPU.ActiveCfg = Debug|Any CPU
		{538F7A25-27DB-4CD5-AF0C-9AAF66F339B4}.Ad-Hoc|Any CPU.Build.0 = Debug|Any CPU
		{538F7A25-27DB-4CD5-AF0C-9AAF66F339B4}.Ad-Hoc|Any CPU.Deploy.0 = Debug|Any CPU
		{538F7A25-27DB-4CD5-AF0C-9AAF66F339B4}.Ad-Hoc|iPhone.ActiveCfg = Debug|Any CPU
		{538F7A25-27DB-4CD5-AF0C-9AAF66F339B4}.Ad-Hoc|iPhone.Build.0 = Debug|Any CPU
		{538F7A25-27DB-4CD5-AF0C-9AAF66F339B4}.Ad-Hoc|iPhone.Deploy.0 = Debug|Any CPU
		{538F7A25-27DB-4CD5-AF0C-9AAF66F339B4}.Ad-Hoc|iPhoneSimulator.ActiveCfg = Debug|Any CPU
		{538F7A25-27DB-4CD5-AF0C-9AAF66F339B4}.Ad-Hoc|iPhoneSimulator.Build.0 = Debug|Any CPU
		{538F7A25-27DB-4CD5-AF0C-9AAF66F339B4}.Ad-Hoc|iPhoneSimulator.Deploy.0 = Debug|Any CPU
		{538F7A25-27DB-4CD5-AF0C-9AAF66F339B4}.AppStore|Any CPU.ActiveCfg = Debug|Any CPU
		{538F7A25-27DB-4CD5-AF0C-9AAF66F339B4}.AppStore|Any CPU.Build.0 = Debug|Any CPU
		{538F7A25-27DB-4CD5-AF0C-9AAF66F339B4}.AppStore|Any CPU.Deploy.0 = Debug|Any CPU
		{538F7A25-27DB-4CD5-AF0C-9AAF66F339B4}.AppStore|iPhone.ActiveCfg = Debug|Any CPU
		{538F7A25-27DB-4CD5-AF0C-9AAF66F339B4}.AppStore|iPhone.Build.0 = Debug|Any CPU
		{538F7A25-27DB-4CD5-AF0C-9AAF66F339B4}.AppStore|iPhone.Deploy.0 = Debug|Any CPU
		{538F7A25-27DB-4CD5-AF0C-9AAF66F339B4}.AppStore|iPhoneSimulator.ActiveCfg = Debug|Any CPU
		{538F7A25-27DB-4CD5-AF0C-9AAF66F339B4}.AppStore|iPhoneSimulator.Build.0 = Debug|Any CPU
		{538F7A25-27DB-4CD5-AF0C-9AAF66F339B4}.AppStore|iPhoneSimulator.Deploy.0 = Debug|Any CPU
		{538F7A25-27DB-4CD5-AF0C-9AAF66F339B4}.Debug|Any CPU.ActiveCfg = Debug|Any CPU
		{538F7A25-27DB-4CD5-AF0C-9AAF66F339B4}.Debug|Any CPU.Build.0 = Debug|Any CPU
		{538F7A25-27DB-4CD5-AF0C-9AAF66F339B4}.Debug|Any CPU.Deploy.0 = Debug|Any CPU
		{538F7A25-27DB-4CD5-AF0C-9AAF66F339B4}.Debug|iPhone.ActiveCfg = Debug|Any CPU
		{538F7A25-27DB-4CD5-AF0C-9AAF66F339B4}.Debug|iPhone.Build.0 = Debug|Any CPU
		{538F7A25-27DB-4CD5-AF0C-9AAF66F339B4}.Debug|iPhone.Deploy.0 = Debug|Any CPU
		{538F7A25-27DB-4CD5-AF0C-9AAF66F339B4}.Debug|iPhoneSimulator.ActiveCfg = Debug|Any CPU
		{538F7A25-27DB-4CD5-AF0C-9AAF66F339B4}.Debug|iPhoneSimulator.Build.0 = Debug|Any CPU
		{538F7A25-27DB-4CD5-AF0C-9AAF66F339B4}.Debug|iPhoneSimulator.Deploy.0 = Debug|Any CPU
		{538F7A25-27DB-4CD5-AF0C-9AAF66F339B4}.Release|Any CPU.ActiveCfg = Release|Any CPU
		{538F7A25-27DB-4CD5-AF0C-9AAF66F339B4}.Release|Any CPU.Build.0 = Release|Any CPU
		{538F7A25-27DB-4CD5-AF0C-9AAF66F339B4}.Release|Any CPU.Deploy.0 = Release|Any CPU
		{538F7A25-27DB-4CD5-AF0C-9AAF66F339B4}.Release|iPhone.ActiveCfg = Release|Any CPU
		{538F7A25-27DB-4CD5-AF0C-9AAF66F339B4}.Release|iPhone.Build.0 = Release|Any CPU
		{538F7A25-27DB-4CD5-AF0C-9AAF66F339B4}.Release|iPhone.Deploy.0 = Release|Any CPU
		{538F7A25-27DB-4CD5-AF0C-9AAF66F339B4}.Release|iPhoneSimulator.ActiveCfg = Release|Any CPU
		{538F7A25-27DB-4CD5-AF0C-9AAF66F339B4}.Release|iPhoneSimulator.Build.0 = Release|Any CPU
		{538F7A25-27DB-4CD5-AF0C-9AAF66F339B4}.Release|iPhoneSimulator.Deploy.0 = Release|Any CPU
	EndGlobalSection
	GlobalSection(SolutionProperties) = preSolution
		HideSolutionNode = FALSE
	EndGlobalSection
	GlobalSection(ExtensibilityGlobals) = postSolution
		SolutionGuid = {FCE5F9AF-E028-4117-A0B2-F5741B5B685F}
	EndGlobalSection
EndGlobal
